// !$*UTF8*$!
{
	archiveVersion = 1;
	classes = {
	};
	objectVersion = 56;
	objects = {

/* Begin PBXBuildFile section */
		340178AB2900FC4200108A97 /* RiveRuntime in Frameworks */ = {isa = PBXBuildFile; productRef = 340178AA2900FC4200108A97 /* RiveRuntime */; };
		342517AC28FD55CC007994B5 /* Inter-Regular.ttf in Resources */ = {isa = PBXBuildFile; fileRef = 342517A928FD55CC007994B5 /* Inter-Regular.ttf */; };
		342517AD28FD55CC007994B5 /* Poppins-Bold.ttf in Resources */ = {isa = PBXBuildFile; fileRef = 342517AA28FD55CC007994B5 /* Poppins-Bold.ttf */; };
		342517AE28FD55CC007994B5 /* Inter-SemiBold.ttf in Resources */ = {isa = PBXBuildFile; fileRef = 342517AB28FD55CC007994B5 /* Inter-SemiBold.ttf */; };
		342517B428FD5A3C007994B5 /* Triangle.svg in Resources */ = {isa = PBXBuildFile; fileRef = 342517B128FD5A3B007994B5 /* Triangle.svg */; };
		342517B528FD5A3C007994B5 /* Circle.svg in Resources */ = {isa = PBXBuildFile; fileRef = 342517B228FD5A3B007994B5 /* Circle.svg */; };
		342517B628FD5A3C007994B5 /* Hexagon.svg in Resources */ = {isa = PBXBuildFile; fileRef = 342517B328FD5A3B007994B5 /* Hexagon.svg */; };
		342517B928FD5A7A007994B5 /* CustomFont.swift in Sources */ = {isa = PBXBuildFile; fileRef = 342517B828FD5A7A007994B5 /* CustomFont.swift */; };
		342517BC28FD5E6A007994B5 /* SignInView.swift in Sources */ = {isa = PBXBuildFile; fileRef = 342517BB28FD5E6A007994B5 /* SignInView.swift */; };
		342517BE28FD6334007994B5 /* CustomTextField.swift in Sources */ = {isa = PBXBuildFile; fileRef = 342517BD28FD6334007994B5 /* CustomTextField.swift */; };
		3466D17C28FEA23B00BB0375 /* Extensions.swift in Sources */ = {isa = PBXBuildFile; fileRef = 3466D17B28FEA23B00BB0375 /* Extensions.swift */; };
		3492E3A228F8071E00CF5016 /* AnimatedAppApp.swift in Sources */ = {isa = PBXBuildFile; fileRef = 3492E3A128F8071E00CF5016 /* AnimatedAppApp.swift */; };
		3492E3A428F8071E00CF5016 /* ContentView.swift in Sources */ = {isa = PBXBuildFile; fileRef = 3492E3A328F8071E00CF5016 /* ContentView.swift */; };
		3492E3A628F8072100CF5016 /* Assets.xcassets in Resources */ = {isa = PBXBuildFile; fileRef = 3492E3A528F8072100CF5016 /* Assets.xcassets */; };
		3492E3A928F8072100CF5016 /* Preview Assets.xcassets in Resources */ = {isa = PBXBuildFile; fileRef = 3492E3A828F8072100CF5016 /* Preview Assets.xcassets */; };
		3492E3B728F90DC000CF5016 /* house.riv in Resources */ = {isa = PBXBuildFile; fileRef = 3492E3B028F90DC000CF5016 /* house.riv */; };
		3492E3B828F90DC000CF5016 /* confetti.riv in Resources */ = {isa = PBXBuildFile; fileRef = 3492E3B128F90DC000CF5016 /* confetti.riv */; };
		3492E3B928F90DC000CF5016 /* check.riv in Resources */ = {isa = PBXBuildFile; fileRef = 3492E3B228F90DC000CF5016 /* check.riv */; };
		3492E3BA28F90DC000CF5016 /* menu_button.riv in Resources */ = {isa = PBXBuildFile; fileRef = 3492E3B328F90DC000CF5016 /* menu_button.riv */; };
		3492E3BB28F90DC000CF5016 /* shapes.riv in Resources */ = {isa = PBXBuildFile; fileRef = 3492E3B428F90DC000CF5016 /* shapes.riv */; };
		3492E3BC28F90DC000CF5016 /* button.riv in Resources */ = {isa = PBXBuildFile; fileRef = 3492E3B528F90DC000CF5016 /* button.riv */; };
		3492E3BD28F90DC000CF5016 /* icons.riv in Resources */ = {isa = PBXBuildFile; fileRef = 3492E3B628F90DC000CF5016 /* icons.riv */; };
		3492E3C228F90EC000CF5016 /* OnBoardingView.swift in Sources */ = {isa = PBXBuildFile; fileRef = 3492E3C128F90EC000CF5016 /* OnBoardingView.swift */; };
		34B6ADDD28FFCB860071C8CC /* TabBar.swift in Sources */ = {isa = PBXBuildFile; fileRef = 34B6ADDC28FFCB860071C8CC /* TabBar.swift */; };
		34B6ADE128FFE20A0071C8CC /* CourseSection.swift in Sources */ = {isa = PBXBuildFile; fileRef = 34B6ADDF28FFE20A0071C8CC /* CourseSection.swift */; };
		34B6ADE228FFE20A0071C8CC /* Course.swift in Sources */ = {isa = PBXBuildFile; fileRef = 34B6ADE028FFE20A0071C8CC /* Course.swift */; };
		34B6ADE528FFE2480071C8CC /* VCard.swift in Sources */ = {isa = PBXBuildFile; fileRef = 34B6ADE428FFE2480071C8CC /* VCard.swift */; };
		34B6ADE728FFE8560071C8CC /* HCard.swift in Sources */ = {isa = PBXBuildFile; fileRef = 34B6ADE628FFE8560071C8CC /* HCard.swift */; };
		34B6ADE928FFE95F0071C8CC /* HomeView.swift in Sources */ = {isa = PBXBuildFile; fileRef = 34B6ADE828FFE95F0071C8CC /* HomeView.swift */; };
		34B6ADEB28FFEE830071C8CC /* SideMenu.swift in Sources */ = {isa = PBXBuildFile; fileRef = 34B6ADEA28FFEE830071C8CC /* SideMenu.swift */; };
		34B6ADED28FFFF620071C8CC /* MenuRow.swift in Sources */ = {isa = PBXBuildFile; fileRef = 34B6ADEC28FFFF620071C8CC /* MenuRow.swift */; };
/* End PBXBuildFile section */

/* Begin PBXFileReference section */
		342517A928FD55CC007994B5 /* Inter-Regular.ttf */ = {isa = PBXFileReference; lastKnownFileType = file; path = "Inter-Regular.ttf"; sourceTree = "<group>"; };
		342517AA28FD55CC007994B5 /* Poppins-Bold.ttf */ = {isa = PBXFileReference; lastKnownFileType = file; path = "Poppins-Bold.ttf"; sourceTree = "<group>"; };
		342517AB28FD55CC007994B5 /* Inter-SemiBold.ttf */ = {isa = PBXFileReference; lastKnownFileType = file; path = "Inter-SemiBold.ttf"; sourceTree = "<group>"; };
		342517AF28FD568A007994B5 /* Info.plist */ = {isa = PBXFileReference; lastKnownFileType = text.plist; path = Info.plist; sourceTree = "<group>"; };
		342517B128FD5A3B007994B5 /* Triangle.svg */ = {isa = PBXFileReference; fileEncoding = 4; lastKnownFileType = text; path = Triangle.svg; sourceTree = "<group>"; };
		342517B228FD5A3B007994B5 /* Circle.svg */ = {isa = PBXFileReference; fileEncoding = 4; lastKnownFileType = text; path = Circle.svg; sourceTree = "<group>"; };
		342517B328FD5A3B007994B5 /* Hexagon.svg */ = {isa = PBXFileReference; fileEncoding = 4; lastKnownFileType = text; path = Hexagon.svg; sourceTree = "<group>"; };
		342517B828FD5A7A007994B5 /* CustomFont.swift */ = {isa = PBXFileReference; lastKnownFileType = sourcecode.swift; path = CustomFont.swift; sourceTree = "<group>"; };
		342517BB28FD5E6A007994B5 /* SignInView.swift */ = {isa = PBXFileReference; lastKnownFileType = sourcecode.swift; path = SignInView.swift; sourceTree = "<group>"; };
		342517BD28FD6334007994B5 /* CustomTextField.swift */ = {isa = PBXFileReference; lastKnownFileType = sourcecode.swift; path = CustomTextField.swift; sourceTree = "<group>"; };
		3466D17B28FEA23B00BB0375 /* Extensions.swift */ = {isa = PBXFileReference; lastKnownFileType = sourcecode.swift; path = Extensions.swift; sourceTree = "<group>"; };
		3492E39E28F8071E00CF5016 /* AnimatedApp.app */ = {isa = PBXFileReference; explicitFileType = wrapper.application; includeInIndex = 0; path = AnimatedApp.app; sourceTree = BUILT_PRODUCTS_DIR; };
		3492E3A128F8071E00CF5016 /* AnimatedAppApp.swift */ = {isa = PBXFileReference; lastKnownFileType = sourcecode.swift; path = AnimatedAppApp.swift; sourceTree = "<group>"; };
		3492E3A328F8071E00CF5016 /* ContentView.swift */ = {isa = PBXFileReference; lastKnownFileType = sourcecode.swift; path = ContentView.swift; sourceTree = "<group>"; };
		3492E3A528F8072100CF5016 /* Assets.xcassets */ = {isa = PBXFileReference; lastKnownFileType = folder.assetcatalog; path = Assets.xcassets; sourceTree = "<group>"; };
		3492E3A828F8072100CF5016 /* Preview Assets.xcassets */ = {isa = PBXFileReference; lastKnownFileType = folder.assetcatalog; path = "Preview Assets.xcassets"; sourceTree = "<group>"; };
		3492E3B028F90DC000CF5016 /* house.riv */ = {isa = PBXFileReference; lastKnownFileType = file; path = house.riv; sourceTree = "<group>"; };
		3492E3B128F90DC000CF5016 /* confetti.riv */ = {isa = PBXFileReference; lastKnownFileType = file; path = confetti.riv; sourceTree = "<group>"; };
		3492E3B228F90DC000CF5016 /* check.riv */ = {isa = PBXFileReference; lastKnownFileType = file; path = check.riv; sourceTree = "<group>"; };
		3492E3B328F90DC000CF5016 /* menu_button.riv */ = {isa = PBXFileReference; lastKnownFileType = file; path = menu_button.riv; sourceTree = "<group>"; };
		3492E3B428F90DC000CF5016 /* shapes.riv */ = {isa = PBXFileReference; lastKnownFileType = file; path = shapes.riv; sourceTree = "<group>"; };
		3492E3B528F90DC000CF5016 /* button.riv */ = {isa = PBXFileReference; lastKnownFileType = file; path = button.riv; sourceTree = "<group>"; };
		3492E3B628F90DC000CF5016 /* icons.riv */ = {isa = PBXFileReference; lastKnownFileType = file; path = icons.riv; sourceTree = "<group>"; };
		3492E3C128F90EC000CF5016 /* OnBoardingView.swift */ = {isa = PBXFileReference; lastKnownFileType = sourcecode.swift; path = OnBoardingView.swift; sourceTree = "<group>"; };
		34B6ADDC28FFCB860071C8CC /* TabBar.swift */ = {isa = PBXFileReference; lastKnownFileType = sourcecode.swift; path = TabBar.swift; sourceTree = "<group>"; };
		34B6ADDF28FFE20A0071C8CC /* CourseSection.swift */ = {isa = PBXFileReference; fileEncoding = 4; lastKnownFileType = sourcecode.swift; path = CourseSection.swift; sourceTree = "<group>"; };
		34B6ADE028FFE20A0071C8CC /* Course.swift */ = {isa = PBXFileReference; fileEncoding = 4; lastKnownFileType = sourcecode.swift; path = Course.swift; sourceTree = "<group>"; };
		34B6ADE428FFE2480071C8CC /* VCard.swift */ = {isa = PBXFileReference; lastKnownFileType = sourcecode.swift; path = VCard.swift; sourceTree = "<group>"; };
		34B6ADE628FFE8560071C8CC /* HCard.swift */ = {isa = PBXFileReference; lastKnownFileType = sourcecode.swift; path = HCard.swift; sourceTree = "<group>"; };
		34B6ADE828FFE95F0071C8CC /* HomeView.swift */ = {isa = PBXFileReference; lastKnownFileType = sourcecode.swift; path = HomeView.swift; sourceTree = "<group>"; };
		34B6ADEA28FFEE830071C8CC /* SideMenu.swift */ = {isa = PBXFileReference; lastKnownFileType = sourcecode.swift; path = SideMenu.swift; sourceTree = "<group>"; };
		34B6ADEC28FFFF620071C8CC /* MenuRow.swift */ = {isa = PBXFileReference; lastKnownFileType = sourcecode.swift; path = MenuRow.swift; sourceTree = "<group>"; };
/* End PBXFileReference section */

/* Begin PBXFrameworksBuildPhase section */
		3492E39B28F8071E00CF5016 /* Frameworks */ = {
			isa = PBXFrameworksBuildPhase;
			buildActionMask = 2147483647;
			files = (
				340178AB2900FC4200108A97 /* RiveRuntime in Frameworks */,
			);
			runOnlyForDeploymentPostprocessing = 0;
		};
/* End PBXFrameworksBuildPhase section */

/* Begin PBXGroup section */
		3425178528FD2B9A007994B5 /* Frameworks */ = {
			isa = PBXGroup;
			children = (
			);
			name = Frameworks;
			sourceTree = "<group>";
		};
		342517A828FD55CC007994B5 /* Fonts */ = {
			isa = PBXGroup;
			children = (
				342517A928FD55CC007994B5 /* Inter-Regular.ttf */,
				342517AA28FD55CC007994B5 /* Poppins-Bold.ttf */,
				342517AB28FD55CC007994B5 /* Inter-SemiBold.ttf */,
			);
			path = Fonts;
			sourceTree = "<group>";
		};
		342517B028FD5A3B007994B5 /* SVG */ = {
			isa = PBXGroup;
			children = (
				342517B128FD5A3B007994B5 /* Triangle.svg */,
				342517B228FD5A3B007994B5 /* Circle.svg */,
				342517B328FD5A3B007994B5 /* Hexagon.svg */,
			);
			path = SVG;
			sourceTree = "<group>";
		};
		342517B728FD5A65007994B5 /* Styles */ = {
			isa = PBXGroup;
			children = (
				342517B828FD5A7A007994B5 /* CustomFont.swift */,
				342517BD28FD6334007994B5 /* CustomTextField.swift */,
				3466D17B28FEA23B00BB0375 /* Extensions.swift */,
			);
			path = Styles;
			sourceTree = "<group>";
		};
		342517BA28FD5E59007994B5 /* Views */ = {
			isa = PBXGroup;
			children = (
				3492E3C128F90EC000CF5016 /* OnBoardingView.swift */,
				342517BB28FD5E6A007994B5 /* SignInView.swift */,
				34B6ADE828FFE95F0071C8CC /* HomeView.swift */,
			);
			path = Views;
			sourceTree = "<group>";
		};
		3492E39528F8071E00CF5016 = {
			isa = PBXGroup;
			children = (
				3492E3A028F8071E00CF5016 /* AnimatedApp */,
				3492E39F28F8071E00CF5016 /* Products */,
				3425178528FD2B9A007994B5 /* Frameworks */,
			);
			sourceTree = "<group>";
		};
		3492E39F28F8071E00CF5016 /* Products */ = {
			isa = PBXGroup;
			children = (
				3492E39E28F8071E00CF5016 /* AnimatedApp.app */,
			);
			name = Products;
			sourceTree = "<group>";
		};
		3492E3A028F8071E00CF5016 /* AnimatedApp */ = {
			isa = PBXGroup;
			children = (
				342517AF28FD568A007994B5 /* Info.plist */,
				3492E3A128F8071E00CF5016 /* AnimatedAppApp.swift */,
				3492E3A328F8071E00CF5016 /* ContentView.swift */,
				3492E3A528F8072100CF5016 /* Assets.xcassets */,
				34B6ADE328FFE23D0071C8CC /* Components */,
				34B6ADDE28FFE20A0071C8CC /* Model */,
				34B6ADDB28FFCB710071C8CC /* Navigation */,
				342517BA28FD5E59007994B5 /* Views */,
				342517B728FD5A65007994B5 /* Styles */,
				3492E3AF28F90DC000CF5016 /* RiveAssets */,
				342517A828FD55CC007994B5 /* Fonts */,
				342517B028FD5A3B007994B5 /* SVG */,
				3492E3A728F8072100CF5016 /* Preview Content */,
			);
			path = AnimatedApp;
			sourceTree = "<group>";
		};
		3492E3A728F8072100CF5016 /* Preview Content */ = {
			isa = PBXGroup;
			children = (
				3492E3A828F8072100CF5016 /* Preview Assets.xcassets */,
			);
			path = "Preview Content";
			sourceTree = "<group>";
		};
		3492E3AF28F90DC000CF5016 /* RiveAssets */ = {
			isa = PBXGroup;
			children = (
				3492E3B028F90DC000CF5016 /* house.riv */,
				3492E3B128F90DC000CF5016 /* confetti.riv */,
				3492E3B228F90DC000CF5016 /* check.riv */,
				3492E3B328F90DC000CF5016 /* menu_button.riv */,
				3492E3B428F90DC000CF5016 /* shapes.riv */,
				3492E3B528F90DC000CF5016 /* button.riv */,
				3492E3B628F90DC000CF5016 /* icons.riv */,
			);
			path = RiveAssets;
			sourceTree = "<group>";
		};
		34B6ADDB28FFCB710071C8CC /* Navigation */ = {
			isa = PBXGroup;
			children = (
				34B6ADDC28FFCB860071C8CC /* TabBar.swift */,
				34B6ADEA28FFEE830071C8CC /* SideMenu.swift */,
			);
			path = Navigation;
			sourceTree = "<group>";
		};
		34B6ADDE28FFE20A0071C8CC /* Model */ = {
			isa = PBXGroup;
			children = (
				34B6ADDF28FFE20A0071C8CC /* CourseSection.swift */,
				34B6ADE028FFE20A0071C8CC /* Course.swift */,
			);
			path = Model;
			sourceTree = "<group>";
		};
		34B6ADE328FFE23D0071C8CC /* Components */ = {
			isa = PBXGroup;
			children = (
				34B6ADE428FFE2480071C8CC /* VCard.swift */,
				34B6ADE628FFE8560071C8CC /* HCard.swift */,
				34B6ADEC28FFFF620071C8CC /* MenuRow.swift */,
			);
			path = Components;
			sourceTree = "<group>";
		};
/* End PBXGroup section */

/* Begin PBXNativeTarget section */
		3492E39D28F8071E00CF5016 /* AnimatedApp */ = {
			isa = PBXNativeTarget;
			buildConfigurationList = 3492E3AC28F8072100CF5016 /* Build configuration list for PBXNativeTarget "AnimatedApp" */;
			buildPhases = (
				3492E39A28F8071E00CF5016 /* Sources */,
				3492E39B28F8071E00CF5016 /* Frameworks */,
				3492E39C28F8071E00CF5016 /* Resources */,
			);
			buildRules = (
			);
			dependencies = (
			);
			name = AnimatedApp;
			packageProductDependencies = (
				340178AA2900FC4200108A97 /* RiveRuntime */,
			);
			productName = AnimatedApp;
			productReference = 3492E39E28F8071E00CF5016 /* AnimatedApp.app */;
			productType = "com.apple.product-type.application";
		};
/* End PBXNativeTarget section */

/* Begin PBXProject section */
		3492E39628F8071E00CF5016 /* Project object */ = {
			isa = PBXProject;
			attributes = {
				BuildIndependentTargetsInParallel = 1;
				LastSwiftUpdateCheck = 1400;
				LastUpgradeCheck = 1400;
				TargetAttributes = {
					3492E39D28F8071E00CF5016 = {
						CreatedOnToolsVersion = 14.0.1;
					};
				};
			};
			buildConfigurationList = 3492E39928F8071E00CF5016 /* Build configuration list for PBXProject "AnimatedApp" */;
			compatibilityVersion = "Xcode 14.0";
			developmentRegion = en;
			hasScannedForEncodings = 0;
			knownRegions = (
				en,
				Base,
			);
			mainGroup = 3492E39528F8071E00CF5016;
			packageReferences = (
				3466D17D28FEAA4300BB0375 /* XCRemoteSwiftPackageReference "rive-ios" */,
			);
			productRefGroup = 3492E39F28F8071E00CF5016 /* Products */;
			projectDirPath = "";
			projectRoot = "";
			targets = (
				3492E39D28F8071E00CF5016 /* AnimatedApp */,
			);
		};
/* End PBXProject section */

/* Begin PBXResourcesBuildPhase section */
		3492E39C28F8071E00CF5016 /* Resources */ = {
			isa = PBXResourcesBuildPhase;
			buildActionMask = 2147483647;
			files = (
				342517AE28FD55CC007994B5 /* Inter-SemiBold.ttf in Resources */,
				3492E3BB28F90DC000CF5016 /* shapes.riv in Resources */,
				3492E3B928F90DC000CF5016 /* check.riv in Resources */,
				3492E3A928F8072100CF5016 /* Preview Assets.xcassets in Resources */,
				342517B428FD5A3C007994B5 /* Triangle.svg in Resources */,
				3492E3BA28F90DC000CF5016 /* menu_button.riv in Resources */,
				3492E3B728F90DC000CF5016 /* house.riv in Resources */,
				3492E3BC28F90DC000CF5016 /* button.riv in Resources */,
				342517AC28FD55CC007994B5 /* Inter-Regular.ttf in Resources */,
				342517B628FD5A3C007994B5 /* Hexagon.svg in Resources */,
				342517AD28FD55CC007994B5 /* Poppins-Bold.ttf in Resources */,
				342517B528FD5A3C007994B5 /* Circle.svg in Resources */,
				3492E3A628F8072100CF5016 /* Assets.xcassets in Resources */,
				3492E3B828F90DC000CF5016 /* confetti.riv in Resources */,
				3492E3BD28F90DC000CF5016 /* icons.riv in Resources */,
			);
			runOnlyForDeploymentPostprocessing = 0;
		};
/* End PBXResourcesBuildPhase section */

/* Begin PBXSourcesBuildPhase section */
		3492E39A28F8071E00CF5016 /* Sources */ = {
			isa = PBXSourcesBuildPhase;
			buildActionMask = 2147483647;
			files = (
				34B6ADE728FFE8560071C8CC /* HCard.swift in Sources */,
				3492E3C228F90EC000CF5016 /* OnBoardingView.swift in Sources */,
				34B6ADE928FFE95F0071C8CC /* HomeView.swift in Sources */,
				34B6ADEB28FFEE830071C8CC /* SideMenu.swift in Sources */,
				342517B928FD5A7A007994B5 /* CustomFont.swift in Sources */,
				34B6ADE228FFE20A0071C8CC /* Course.swift in Sources */,
				342517BE28FD6334007994B5 /* CustomTextField.swift in Sources */,
				34B6ADDD28FFCB860071C8CC /* TabBar.swift in Sources */,
				34B6ADE528FFE2480071C8CC /* VCard.swift in Sources */,
				3492E3A428F8071E00CF5016 /* ContentView.swift in Sources */,
				3492E3A228F8071E00CF5016 /* AnimatedAppApp.swift in Sources */,
				342517BC28FD5E6A007994B5 /* SignInView.swift in Sources */,
				34B6ADE128FFE20A0071C8CC /* CourseSection.swift in Sources */,
				3466D17C28FEA23B00BB0375 /* Extensions.swift in Sources */,
				34B6ADED28FFFF620071C8CC /* MenuRow.swift in Sources */,
			);
			runOnlyForDeploymentPostprocessing = 0;
		};
/* End PBXSourcesBuildPhase section */

/* Begin XCBuildConfiguration section */
		3492E3AA28F8072100CF5016 /* Debug */ = {
			isa = XCBuildConfiguration;
			buildSettings = {
				ALWAYS_SEARCH_USER_PATHS = NO;
				CLANG_ANALYZER_NONNULL = YES;
				CLANG_ANALYZER_NUMBER_OBJECT_CONVERSION = YES_AGGRESSIVE;
				CLANG_CXX_LANGUAGE_STANDARD = "gnu++20";
				CLANG_ENABLE_MODULES = YES;
				CLANG_ENABLE_OBJC_ARC = YES;
				CLANG_ENABLE_OBJC_WEAK = YES;
				CLANG_WARN_BLOCK_CAPTURE_AUTORELEASING = YES;
				CLANG_WARN_BOOL_CONVERSION = YES;
				CLANG_WARN_COMMA = YES;
				CLANG_WARN_CONSTANT_CONVERSION = YES;
				CLANG_WARN_DEPRECATED_OBJC_IMPLEMENTATIONS = YES;
				CLANG_WARN_DIRECT_OBJC_ISA_USAGE = YES_ERROR;
				CLANG_WARN_DOCUMENTATION_COMMENTS = YES;
				CLANG_WARN_EMPTY_BODY = YES;
				CLANG_WARN_ENUM_CONVERSION = YES;
				CLANG_WARN_INFINITE_RECURSION = YES;
				CLANG_WARN_INT_CONVERSION = YES;
				CLANG_WARN_NON_LITERAL_NULL_CONVERSION = YES;
				CLANG_WARN_OBJC_IMPLICIT_RETAIN_SELF = YES;
				CLANG_WARN_OBJC_LITERAL_CONVERSION = YES;
				CLANG_WARN_OBJC_ROOT_CLASS = YES_ERROR;
				CLANG_WARN_QUOTED_INCLUDE_IN_FRAMEWORK_HEADER = YES;
				CLANG_WARN_RANGE_LOOP_ANALYSIS = YES;
				CLANG_WARN_STRICT_PROTOTYPES = YES;
				CLANG_WARN_SUSPICIOUS_MOVE = YES;
				CLANG_WARN_UNGUARDED_AVAILABILITY = YES_AGGRESSIVE;
				CLANG_WARN_UNREACHABLE_CODE = YES;
				CLANG_WARN__DUPLICATE_METHOD_MATCH = YES;
				COPY_PHASE_STRIP = NO;
				DEBUG_INFORMATION_FORMAT = dwarf;
				ENABLE_STRICT_OBJC_MSGSEND = YES;
				ENABLE_TESTABILITY = YES;
				GCC_C_LANGUAGE_STANDARD = gnu11;
				GCC_DYNAMIC_NO_PIC = NO;
				GCC_NO_COMMON_BLOCKS = YES;
				GCC_OPTIMIZATION_LEVEL = 0;
				GCC_PREPROCESSOR_DEFINITIONS = (
					"DEBUG=1",
					"$(inherited)",
				);
				GCC_WARN_64_TO_32_BIT_CONVERSION = YES;
				GCC_WARN_ABOUT_RETURN_TYPE = YES_ERROR;
				GCC_WARN_UNDECLARED_SELECTOR = YES;
				GCC_WARN_UNINITIALIZED_AUTOS = YES_AGGRESSIVE;
				GCC_WARN_UNUSED_FUNCTION = YES;
				GCC_WARN_UNUSED_VARIABLE = YES;
				IPHONEOS_DEPLOYMENT_TARGET = 16.0;
				MTL_ENABLE_DEBUG_INFO = INCLUDE_SOURCE;
				MTL_FAST_MATH = YES;
				ONLY_ACTIVE_ARCH = YES;
				SDKROOT = iphoneos;
				SWIFT_ACTIVE_COMPILATION_CONDITIONS = DEBUG;
				SWIFT_OPTIMIZATION_LEVEL = "-Onone";
			};
			name = Debug;
		};
		3492E3AB28F8072100CF5016 /* Release */ = {
			isa = XCBuildConfiguration;
			buildSettings = {
				ALWAYS_SEARCH_USER_PATHS = NO;
				CLANG_ANALYZER_NONNULL = YES;
				CLANG_ANALYZER_NUMBER_OBJECT_CONVERSION = YES_AGGRESSIVE;
				CLANG_CXX_LANGUAGE_STANDARD = "gnu++20";
				CLANG_ENABLE_MODULES = YES;
				CLANG_ENABLE_OBJC_ARC = YES;
				CLANG_ENABLE_OBJC_WEAK = YES;
				CLANG_WARN_BLOCK_CAPTURE_AUTORELEASING = YES;
				CLANG_WARN_BOOL_CONVERSION = YES;
				CLANG_WARN_COMMA = YES;
				CLANG_WARN_CONSTANT_CONVERSION = YES;
				CLANG_WARN_DEPRECATED_OBJC_IMPLEMENTATIONS = YES;
				CLANG_WARN_DIRECT_OBJC_ISA_USAGE = YES_ERROR;
				CLANG_WARN_DOCUMENTATION_COMMENTS = YES;
				CLANG_WARN_EMPTY_BODY = YES;
				CLANG_WARN_ENUM_CONVERSION = YES;
				CLANG_WARN_INFINITE_RECURSION = YES;
				CLANG_WARN_INT_CONVERSION = YES;
				CLANG_WARN_NON_LITERAL_NULL_CONVERSION = YES;
				CLANG_WARN_OBJC_IMPLICIT_RETAIN_SELF = YES;
				CLANG_WARN_OBJC_LITERAL_CONVERSION = YES;
				CLANG_WARN_OBJC_ROOT_CLASS = YES_ERROR;
				CLANG_WARN_QUOTED_INCLUDE_IN_FRAMEWORK_HEADER = YES;
				CLANG_WARN_RANGE_LOOP_ANALYSIS = YES;
				CLANG_WARN_STRICT_PROTOTYPES = YES;
				CLANG_WARN_SUSPICIOUS_MOVE = YES;
				CLANG_WARN_UNGUARDED_AVAILABILITY = YES_AGGRESSIVE;
				CLANG_WARN_UNREACHABLE_CODE = YES;
				CLANG_WARN__DUPLICATE_METHOD_MATCH = YES;
				COPY_PHASE_STRIP = NO;
				DEBUG_INFORMATION_FORMAT = "dwarf-with-dsym";
				ENABLE_NS_ASSERTIONS = NO;
				ENABLE_STRICT_OBJC_MSGSEND = YES;
				GCC_C_LANGUAGE_STANDARD = gnu11;
				GCC_NO_COMMON_BLOCKS = YES;
				GCC_WARN_64_TO_32_BIT_CONVERSION = YES;
				GCC_WARN_ABOUT_RETURN_TYPE = YES_ERROR;
				GCC_WARN_UNDECLARED_SELECTOR = YES;
				GCC_WARN_UNINITIALIZED_AUTOS = YES_AGGRESSIVE;
				GCC_WARN_UNUSED_FUNCTION = YES;
				GCC_WARN_UNUSED_VARIABLE = YES;
				IPHONEOS_DEPLOYMENT_TARGET = 16.0;
				MTL_ENABLE_DEBUG_INFO = NO;
				MTL_FAST_MATH = YES;
				SDKROOT = iphoneos;
				SWIFT_COMPILATION_MODE = wholemodule;
				SWIFT_OPTIMIZATION_LEVEL = "-O";
				VALIDATE_PRODUCT = YES;
			};
			name = Release;
		};
		3492E3AD28F8072100CF5016 /* Debug */ = {
			isa = XCBuildConfiguration;
			buildSettings = {
				ASSETCATALOG_COMPILER_APPICON_NAME = AppIcon;
				ASSETCATALOG_COMPILER_GLOBAL_ACCENT_COLOR_NAME = AccentColor;
				CODE_SIGN_STYLE = Automatic;
				CURRENT_PROJECT_VERSION = 1;
				DEVELOPMENT_ASSET_PATHS = "\"AnimatedApp/Preview Content\"";
				DEVELOPMENT_TEAM = KJ39KMP96U;
				ENABLE_PREVIEWS = YES;
				GENERATE_INFOPLIST_FILE = YES;
				INFOPLIST_FILE = AnimatedApp/Info.plist;
				INFOPLIST_KEY_UIApplicationSceneManifest_Generation = YES;
				INFOPLIST_KEY_UIApplicationSupportsIndirectInputEvents = YES;
				INFOPLIST_KEY_UILaunchScreen_Generation = YES;
				INFOPLIST_KEY_UISupportedInterfaceOrientations_iPad = "UIInterfaceOrientationPortrait UIInterfaceOrientationPortraitUpsideDown UIInterfaceOrientationLandscapeLeft UIInterfaceOrientationLandscapeRight";
				INFOPLIST_KEY_UISupportedInterfaceOrientations_iPhone = "UIInterfaceOrientationPortrait UIInterfaceOrientationLandscapeLeft UIInterfaceOrientationLandscapeRight";
				LD_RUNPATH_SEARCH_PATHS = (
					"$(inherited)",
					"@executable_path/Frameworks",
				);
				MARKETING_VERSION = 1.0;
				PRODUCT_BUNDLE_IDENTIFIER = com.pengzhixin.AnimatedApp;
				PRODUCT_NAME = "$(TARGET_NAME)";
				SWIFT_EMIT_LOC_STRINGS = YES;
				SWIFT_VERSION = 5.0;
				TARGETED_DEVICE_FAMILY = "1,2";
			};
			name = Debug;
		};
		3492E3AE28F8072100CF5016 /* Release */ = {
			isa = XCBuildConfiguration;
			buildSettings = {
				ASSETCATALOG_COMPILER_APPICON_NAME = AppIcon;
				ASSETCATALOG_COMPILER_GLOBAL_ACCENT_COLOR_NAME = AccentColor;
				CODE_SIGN_STYLE = Automatic;
				CURRENT_PROJECT_VERSION = 1;
				DEVELOPMENT_ASSET_PATHS = "\"AnimatedApp/Preview Content\"";
				DEVELOPMENT_TEAM = KJ39KMP96U;
				ENABLE_PREVIEWS = YES;
				GENERATE_INFOPLIST_FILE = YES;
				INFOPLIST_FILE = AnimatedApp/Info.plist;
				INFOPLIST_KEY_UIApplicationSceneManifest_Generation = YES;
				INFOPLIST_KEY_UIApplicationSupportsIndirectInputEvents = YES;
				INFOPLIST_KEY_UILaunchScreen_Generation = YES;
				INFOPLIST_KEY_UISupportedInterfaceOrientations_iPad = "UIInterfaceOrientationPortrait UIInterfaceOrientationPortraitUpsideDown UIInterfaceOrientationLandscapeLeft UIInterfaceOrientationLandscapeRight";
				INFOPLIST_KEY_UISupportedInterfaceOrientations_iPhone = "UIInterfaceOrientationPortrait UIInterfaceOrientationLandscapeLeft UIInterfaceOrientationLandscapeRight";
				LD_RUNPATH_SEARCH_PATHS = (
					"$(inherited)",
					"@executable_path/Frameworks",
				);
				MARKETING_VERSION = 1.0;
				PRODUCT_BUNDLE_IDENTIFIER = com.pengzhixin.AnimatedApp;
				PRODUCT_NAME = "$(TARGET_NAME)";
				SWIFT_EMIT_LOC_STRINGS = YES;
				SWIFT_VERSION = 5.0;
				TARGETED_DEVICE_FAMILY = "1,2";
			};
			name = Release;
		};
/* End XCBuildConfiguration section */

/* Begin XCConfigurationList section */
		3492E39928F8071E00CF5016 /* Build configuration list for PBXProject "AnimatedApp" */ = {
			isa = XCConfigurationList;
			buildConfigurations = (
				3492E3AA28F8072100CF5016 /* Debug */,
				3492E3AB28F8072100CF5016 /* Release */,
			);
			defaultConfigurationIsVisible = 0;
			defaultConfigurationName = Release;
		};
		3492E3AC28F8072100CF5016 /* Build configuration list for PBXNativeTarget "AnimatedApp" */ = {
			isa = XCConfigurationList;
			buildConfigurations = (
				3492E3AD28F8072100CF5016 /* Debug */,
				3492E3AE28F8072100CF5016 /* Release */,
			);
			defaultConfigurationIsVisible = 0;
			defaultConfigurationName = Release;
		};
/* End XCConfigurationList section */

/* Begin XCRemoteSwiftPackageReference section */
		3466D17D28FEAA4300BB0375 /* XCRemoteSwiftPackageReference "rive-ios" */ = {
			isa = XCRemoteSwiftPackageReference;
			repositoryURL = "https://github.com/rive-app/rive-ios";
			requirement = {
				branch = main;
				kind = branch;
			};
		};
/* End XCRemoteSwiftPackageReference section */

/* Begin XCSwiftPackageProductDependency section */
		340178AA2900FC4200108A97 /* RiveRuntime */ = {
			isa = XCSwiftPackageProductDependency;
			package = 3466D17D28FEAA4300BB0375 /* XCRemoteSwiftPackageReference "rive-ios" */;
			productName = RiveRuntime;
		};
/* End XCSwiftPackageProductDependency section */
	};
	rootObject = 3492E39628F8071E00CF5016 /* Project object */;
}
